
Microsoft Visual Studio Solution File, Format Version 12.00
# Visual Studio Version 16
VisualStudioVersion = 16.0.30907.101
MinimumVisualStudioVersion = 10.0.40219.1
Project("{FAE04EC0-301F-11D3-BF4B-00C04F79EFBC}") = "WizChess", "WizChess\WizChess.csproj", "{E176B4C8-E8A8-41FF-9412-6A9150D41B97}"
EndProject
Global
	GlobalSection(SolutionConfigurationPlatforms) = preSolution
		Debug|Any CPU = Debug|Any CPU
		Debug|x64 = Debug|x64
		Release|Any CPU = Release|Any CPU
		Release|x64 = Release|x64
	EndGlobalSection
	GlobalSection(ProjectConfigurationPlatforms) = postSolution
		{E176B4C8-E8A8-41FF-9412-6A9150D41B97}.Debug|Any CPU.ActiveCfg = Debug|Any CPU
		{E176B4C8-E8A8-41FF-9412-6A9150D41B97}.Debug|Any CPU.Build.0 = Debug|Any CPU
		{E176B4C8-E8A8-41FF-9412-6A9150D41B97}.Debug|x64.ActiveCfg = Debug|x64
		{E176B4C8-E8A8-41FF-9412-6A9150D41B97}.Debug|x64.Build.0 = Debug|x64
		{E176B4C8-E8A8-41FF-9412-6A9150D41B97}.Release|Any CPU.ActiveCfg = Release|Any CPU
		{E176B4C8-E8A8-41FF-9412-6A9150D41B97}.Release|Any CPU.Build.0 = Release|Any CPU
		{E176B4C8-E8A8-41FF-9412-6A9150D41B97}.Release|x64.ActiveCfg = Release|x64
		{E176B4C8-E8A8-41FF-9412-6A9150D41B97}.Release|x64.Build.0 = Release|x64
	EndGlobalSection
	GlobalSection(SolutionProperties) = preSolution
		HideSolutionNode = FALSE
	EndGlobalSection
	GlobalSection(ExtensibilityGlobals) = postSolution
		SolutionGuid = {BE413F51-C5CA-4C70-AD1F-87EE4AA1F86A}
	EndGlobalSection
EndGlobal
